{
  "markbot": "2de7b42af2951b26ee36aaba98deb16cb637df57ec0235e93e6c5f2dd17c0472",
  "markbotignore": "030a4e6e1b3b6b510514a7ae54576e2c2ef762d56236c6414ef634955d96a126",
  "css/modules.css": "8a1ba27ffb3bd425520fe9f6e9353ba5c360d9b8f70214b0e0173359a538d415",
  "css/grid.css": "4530d5fcb8c810ef5c58aaabc319d0562b1e192bc87d572a2397c6395dd65d1c",
  "css/type.css": "6ef904959201c3834a5bf5a7b5b33c9096ca9e2586d1b11844a1ee916d64f301",
  "index-after-1440.png": "51f50f170121280dcc3b6ae80624f23eb01d32d02b6f3d1494b260a5cf8b5130",
  "index-320.png": "088ac72300ea1f450c5462f914685265db5f23904b2a9e927a2a81adc5f93589",
  "index-400.png": "f65725eb8b05c9c89d7c05dd2a6986056548ed6d5c2c8a671637a6263b95670b",
  "index-608.png": "5f6f88f19b7d1991e3f0617f41792630c4d675311d5d616dae88b4ebf9c091b1",
  "index-960.png": "9fe9056abc98ac1048d09ff06fa76b56c3be05293c6dbf03744631cd0a7a064d",
  "index-1440.png": "f56c8956fb42520e3b4a28ac5d2a93d1f39d99ab6d9cbb86a706bf2dbcdce70c"
}