{
  "markbot": "2de7b42af2951b26ee36aaba98deb16cb637df57ec0235e93e6c5f2dd17c0472",
  "markbotignore": "030a4e6e1b3b6b510514a7ae54576e2c2ef762d56236c6414ef634955d96a126",
  "css/modules.css": "8a1ba27ffb3bd425520fe9f6e9353ba5c360d9b8f70214b0e0173359a538d415",
  "css/grid.css": "4530d5fcb8c810ef5c58aaabc319d0562b1e192bc87d572a2397c6395dd65d1c",
  "css/type.css": "6ef904959201c3834a5bf5a7b5b33c9096ca9e2586d1b11844a1ee916d64f301",
  "index-after-1440.png": "ef2e3d4207cbfbb1ab1e86e63d19bc2955fbfcb4b5de06b67cc0c58e5855473c",
  "index-320.png": "b2aa402d39dfe0f28316521f304bc1711a25c25f41c96898ea9994e6f6daa941",
  "index-400.png": "4831589a529475b8e42d7a87302e958dea16807be92a60eb051e602dec9798a6",
  "index-608.png": "a37083136ee0e978da0d3fd96ede30440d8926ecba3591cda78e1030004a27fd",
  "index-960.png": "80f4808345cee2328002536bb0c7f419f935c630ab52b47592a58aa3c972d312",
  "index-1440.png": "382acb4e9ec2e0c3cf92f5ffa289c98c77f47ee4cb41d8203ade294d13a78009"
}